
Microsoft Visual Studio Solution File, Format Version 12.00
# Visual Studio 15
VisualStudioVersion = 15.0.28307.960
MinimumVisualStudioVersion = 10.0.40219.1
Project("{FAE04EC0-301F-11D3-BF4B-00C04F79EFBC}") = "Zero", "Zero\Zero.csproj", "{D38387FE-1D9F-463A-BD40-6ECAF5C1D1D2}"
EndProject
Global
	GlobalSection(SolutionConfigurationPlatforms) = preSolution
		Debug|Any CPU = Debug|Any CPU
		Release|Any CPU = Release|Any CPU
	EndGlobalSection
	GlobalSection(ProjectConfigurationPlatforms) = postSolution
		{D38387FE-1D9F-463A-BD40-6ECAF5C1D1D2}.Debug|Any CPU.ActiveCfg = Debug|Any CPU
		{D38387FE-1D9F-463A-BD40-6ECAF5C1D1D2}.Debug|Any CPU.Build.0 = Debug|Any CPU
		{D38387FE-1D9F-463A-BD40-6ECAF5C1D1D2}.Release|Any CPU.ActiveCfg = Release|Any CPU
		{D38387FE-1D9F-463A-BD40-6ECAF5C1D1D2}.Release|Any CPU.Build.0 = Release|Any CPU
	EndGlobalSection
	GlobalSection(SolutionProperties) = preSolution
		HideSolutionNode = FALSE
	EndGlobalSection
	GlobalSection(ExtensibilityGlobals) = postSolution
		SolutionGuid = {1E147341-ED1D-4293-9234-63BC0D9CC6BA}
	EndGlobalSection
EndGlobal
